// !$*UTF8*$!
{
	archiveVersion = 1;
	classes = {
	};
	objectVersion = 56;
	objects = {

/* Begin PBXBuildFile section */
		BA585E912B718341009915C9 /* GoogleService-Info.plist in Resources */ = {isa = PBXBuildFile; fileRef = BA585E902B718341009915C9 /* GoogleService-Info.plist */; };
		BA585E9E2B7184BF009915C9 /* RemoteConfigHelper.swift in Sources */ = {isa = PBXBuildFile; fileRef = BA585E9D2B7184BF009915C9 /* RemoteConfigHelper.swift */; };
		BA585EA12B718756009915C9 /* FirebaseAnalytics in Frameworks */ = {isa = PBXBuildFile; productRef = BA585EA02B718756009915C9 /* FirebaseAnalytics */; };
		BA585EA32B718756009915C9 /* FirebaseAnalyticsOnDeviceConversion in Frameworks */ = {isa = PBXBuildFile; productRef = BA585EA22B718756009915C9 /* FirebaseAnalyticsOnDeviceConversion */; };
		BA585EA52B718756009915C9 /* FirebaseAnalyticsSwift in Frameworks */ = {isa = PBXBuildFile; productRef = BA585EA42B718756009915C9 /* FirebaseAnalyticsSwift */; };
		BA585EA72B718756009915C9 /* FirebaseAnalyticsWithoutAdIdSupport in Frameworks */ = {isa = PBXBuildFile; productRef = BA585EA62B718756009915C9 /* FirebaseAnalyticsWithoutAdIdSupport */; };
		BA585EA92B718756009915C9 /* FirebaseAppCheck in Frameworks */ = {isa = PBXBuildFile; productRef = BA585EA82B718756009915C9 /* FirebaseAppCheck */; };
		BA585EAB2B718756009915C9 /* FirebaseAppDistribution-Beta in Frameworks */ = {isa = PBXBuildFile; productRef = BA585EAA2B718756009915C9 /* FirebaseAppDistribution-Beta */; };
		BA585EAD2B718756009915C9 /* FirebaseAuth in Frameworks */ = {isa = PBXBuildFile; productRef = BA585EAC2B718756009915C9 /* FirebaseAuth */; };
		BA585EAF2B718756009915C9 /* FirebaseAuthCombine-Community in Frameworks */ = {isa = PBXBuildFile; productRef = BA585EAE2B718756009915C9 /* FirebaseAuthCombine-Community */; };
		BA585EB12B718756009915C9 /* FirebaseCrashlytics in Frameworks */ = {isa = PBXBuildFile; productRef = BA585EB02B718756009915C9 /* FirebaseCrashlytics */; };
		BA585EB32B718756009915C9 /* FirebaseDatabase in Frameworks */ = {isa = PBXBuildFile; productRef = BA585EB22B718756009915C9 /* FirebaseDatabase */; };
		BA585EB52B718756009915C9 /* FirebaseDatabaseSwift in Frameworks */ = {isa = PBXBuildFile; productRef = BA585EB42B718756009915C9 /* FirebaseDatabaseSwift */; };
		BA585EB72B718756009915C9 /* FirebaseDynamicLinks in Frameworks */ = {isa = PBXBuildFile; productRef = BA585EB62B718756009915C9 /* FirebaseDynamicLinks */; };
		BA585EB92B718756009915C9 /* FirebaseFirestore in Frameworks */ = {isa = PBXBuildFile; productRef = BA585EB82B718756009915C9 /* FirebaseFirestore */; };
		BA585EBB2B718756009915C9 /* FirebaseFirestoreCombine-Community in Frameworks */ = {isa = PBXBuildFile; productRef = BA585EBA2B718756009915C9 /* FirebaseFirestoreCombine-Community */; };
		BA585EBD2B718756009915C9 /* FirebaseFirestoreSwift in Frameworks */ = {isa = PBXBuildFile; productRef = BA585EBC2B718756009915C9 /* FirebaseFirestoreSwift */; };
		BA585EBF2B718756009915C9 /* FirebaseFunctions in Frameworks */ = {isa = PBXBuildFile; productRef = BA585EBE2B718756009915C9 /* FirebaseFunctions */; };
		BA585EC12B718756009915C9 /* FirebaseFunctionsCombine-Community in Frameworks */ = {isa = PBXBuildFile; productRef = BA585EC02B718756009915C9 /* FirebaseFunctionsCombine-Community */; };
		BA585EC32B718756009915C9 /* FirebaseInAppMessaging-Beta in Frameworks */ = {isa = PBXBuildFile; productRef = BA585EC22B718756009915C9 /* FirebaseInAppMessaging-Beta */; };
		BA585EC52B718756009915C9 /* FirebaseInAppMessagingSwift-Beta in Frameworks */ = {isa = PBXBuildFile; productRef = BA585EC42B718756009915C9 /* FirebaseInAppMessagingSwift-Beta */; };
		BA585EC72B718756009915C9 /* FirebaseInstallations in Frameworks */ = {isa = PBXBuildFile; productRef = BA585EC62B718756009915C9 /* FirebaseInstallations */; };
		BA585EC92B718756009915C9 /* FirebaseMLModelDownloader in Frameworks */ = {isa = PBXBuildFile; productRef = BA585EC82B718756009915C9 /* FirebaseMLModelDownloader */; };
		BA585ECB2B718756009915C9 /* FirebaseMessaging in Frameworks */ = {isa = PBXBuildFile; productRef = BA585ECA2B718756009915C9 /* FirebaseMessaging */; };
		BA585ECD2B718756009915C9 /* FirebasePerformance in Frameworks */ = {isa = PBXBuildFile; productRef = BA585ECC2B718756009915C9 /* FirebasePerformance */; };
		BA585ECF2B718756009915C9 /* FirebaseRemoteConfig in Frameworks */ = {isa = PBXBuildFile; productRef = BA585ECE2B718756009915C9 /* FirebaseRemoteConfig */; };
		BA585ED12B718756009915C9 /* FirebaseRemoteConfigSwift in Frameworks */ = {isa = PBXBuildFile; productRef = BA585ED02B718756009915C9 /* FirebaseRemoteConfigSwift */; };
		BA585ED32B718756009915C9 /* FirebaseStorage in Frameworks */ = {isa = PBXBuildFile; productRef = BA585ED22B718756009915C9 /* FirebaseStorage */; };
		BA585ED52B718756009915C9 /* FirebaseStorageCombine-Community in Frameworks */ = {isa = PBXBuildFile; productRef = BA585ED42B718756009915C9 /* FirebaseStorageCombine-Community */; };
		BA585ED92B719390009915C9 /* AppContainer.swift in Sources */ = {isa = PBXBuildFile; fileRef = BA585ED82B719390009915C9 /* AppContainer.swift */; };
		BA585EDC2B719456009915C9 /* SplashVM.swift in Sources */ = {isa = PBXBuildFile; fileRef = BA585EDB2B719456009915C9 /* SplashVM.swift */; };
		BA585EDE2B71945F009915C9 /* SplashVMProtocols.swift in Sources */ = {isa = PBXBuildFile; fileRef = BA585EDD2B71945F009915C9 /* SplashVMProtocols.swift */; };
		BA585EE12B723046009915C9 /* BaseVC.swift in Sources */ = {isa = PBXBuildFile; fileRef = BA585EE02B723046009915C9 /* BaseVC.swift */; };
		BA585EE42B723729009915C9 /* NetworkManager.swift in Sources */ = {isa = PBXBuildFile; fileRef = BA585EE32B723729009915C9 /* NetworkManager.swift */; };
		BA585EE62B72375C009915C9 /* Endpoints.swift in Sources */ = {isa = PBXBuildFile; fileRef = BA585EE52B72375C009915C9 /* Endpoints.swift */; };
		BA585EE92B72384E009915C9 /* Alamofire in Frameworks */ = {isa = PBXBuildFile; productRef = BA585EE82B72384E009915C9 /* Alamofire */; };
		BA585EEC2B725482009915C9 /* HomeVC.xib in Resources */ = {isa = PBXBuildFile; fileRef = BA585EEB2B725482009915C9 /* HomeVC.xib */; };
		BA585EEE2B725489009915C9 /* HomeVC.swift in Sources */ = {isa = PBXBuildFile; fileRef = BA585EED2B725489009915C9 /* HomeVC.swift */; };
		BA585EF12B725539009915C9 /* HomeCoordinator.swift in Sources */ = {isa = PBXBuildFile; fileRef = BA585EF02B725539009915C9 /* HomeCoordinator.swift */; };
		BA585EF62B726A5C009915C9 /* SearchResponse.swift in Sources */ = {isa = PBXBuildFile; fileRef = BA585EF52B726A5C009915C9 /* SearchResponse.swift */; };
		BA585EF92B727719009915C9 /* netfox in Frameworks */ = {isa = PBXBuildFile; productRef = BA585EF82B727719009915C9 /* netfox */; };
		BA622A3A2B7174BE00769ADF /* AppDelegate.swift in Sources */ = {isa = PBXBuildFile; fileRef = BA622A392B7174BE00769ADF /* AppDelegate.swift */; };
		BA622A3C2B7174BE00769ADF /* SceneDelegate.swift in Sources */ = {isa = PBXBuildFile; fileRef = BA622A3B2B7174BE00769ADF /* SceneDelegate.swift */; };
		BA622A432B7174BF00769ADF /* Assets.xcassets in Resources */ = {isa = PBXBuildFile; fileRef = BA622A422B7174BF00769ADF /* Assets.xcassets */; };
		BA622A462B7174BF00769ADF /* LaunchScreen.storyboard in Resources */ = {isa = PBXBuildFile; fileRef = BA622A442B7174BF00769ADF /* LaunchScreen.storyboard */; };
		BA622A522B717A0B00769ADF /* Coordinator.swift in Sources */ = {isa = PBXBuildFile; fileRef = BA622A512B717A0B00769ADF /* Coordinator.swift */; };
		BA622A542B717A8E00769ADF /* AppCoordinator.swift in Sources */ = {isa = PBXBuildFile; fileRef = BA622A532B717A8E00769ADF /* AppCoordinator.swift */; };
		BA622A572B717AD400769ADF /* SplashVC.swift in Sources */ = {isa = PBXBuildFile; fileRef = BA622A562B717AD400769ADF /* SplashVC.swift */; };
		BA622A592B717B0100769ADF /* SplashVC.xib in Resources */ = {isa = PBXBuildFile; fileRef = BA622A582B717B0000769ADF /* SplashVC.xib */; };
		BA622A5C2B717B3800769ADF /* UIViewController+Extension.swift in Sources */ = {isa = PBXBuildFile; fileRef = BA622A5B2B717B3800769ADF /* UIViewController+Extension.swift */; };
		BA622A5F2B717C8900769ADF /* SplashCoordinator.swift in Sources */ = {isa = PBXBuildFile; fileRef = BA622A5E2B717C8900769ADF /* SplashCoordinator.swift */; };
		BA622A622B717F7C00769ADF /* Reachability in Frameworks */ = {isa = PBXBuildFile; productRef = BA622A612B717F7C00769ADF /* Reachability */; };
/* End PBXBuildFile section */

/* Begin PBXFileReference section */
		BA585E902B718341009915C9 /* GoogleService-Info.plist */ = {isa = PBXFileReference; fileEncoding = 4; lastKnownFileType = text.plist.xml; path = "GoogleService-Info.plist"; sourceTree = "<group>"; };
		BA585E9D2B7184BF009915C9 /* RemoteConfigHelper.swift */ = {isa = PBXFileReference; lastKnownFileType = sourcecode.swift; path = RemoteConfigHelper.swift; sourceTree = "<group>"; };
		BA585ED82B719390009915C9 /* AppContainer.swift */ = {isa = PBXFileReference; lastKnownFileType = sourcecode.swift; path = AppContainer.swift; sourceTree = "<group>"; };
		BA585EDB2B719456009915C9 /* SplashVM.swift */ = {isa = PBXFileReference; lastKnownFileType = sourcecode.swift; path = SplashVM.swift; sourceTree = "<group>"; };
		BA585EDD2B71945F009915C9 /* SplashVMProtocols.swift */ = {isa = PBXFileReference; lastKnownFileType = sourcecode.swift; path = SplashVMProtocols.swift; sourceTree = "<group>"; };
		BA585EE02B723046009915C9 /* BaseVC.swift */ = {isa = PBXFileReference; lastKnownFileType = sourcecode.swift; path = BaseVC.swift; sourceTree = "<group>"; };
		BA585EE32B723729009915C9 /* NetworkManager.swift */ = {isa = PBXFileReference; lastKnownFileType = sourcecode.swift; path = NetworkManager.swift; sourceTree = "<group>"; };
		BA585EE52B72375C009915C9 /* Endpoints.swift */ = {isa = PBXFileReference; lastKnownFileType = sourcecode.swift; path = Endpoints.swift; sourceTree = "<group>"; };
		BA585EEB2B725482009915C9 /* HomeVC.xib */ = {isa = PBXFileReference; lastKnownFileType = file.xib; path = HomeVC.xib; sourceTree = "<group>"; };
		BA585EED2B725489009915C9 /* HomeVC.swift */ = {isa = PBXFileReference; lastKnownFileType = sourcecode.swift; path = HomeVC.swift; sourceTree = "<group>"; };
		BA585EF02B725539009915C9 /* HomeCoordinator.swift */ = {isa = PBXFileReference; lastKnownFileType = sourcecode.swift; path = HomeCoordinator.swift; sourceTree = "<group>"; };
		BA585EF52B726A5C009915C9 /* SearchResponse.swift */ = {isa = PBXFileReference; lastKnownFileType = sourcecode.swift; path = SearchResponse.swift; sourceTree = "<group>"; };
		BA622A362B7174BE00769ADF /* Movies App.app */ = {isa = PBXFileReference; explicitFileType = wrapper.application; includeInIndex = 0; path = "Movies App.app"; sourceTree = BUILT_PRODUCTS_DIR; };
		BA622A392B7174BE00769ADF /* AppDelegate.swift */ = {isa = PBXFileReference; lastKnownFileType = sourcecode.swift; path = AppDelegate.swift; sourceTree = "<group>"; };
		BA622A3B2B7174BE00769ADF /* SceneDelegate.swift */ = {isa = PBXFileReference; lastKnownFileType = sourcecode.swift; path = SceneDelegate.swift; sourceTree = "<group>"; };
		BA622A422B7174BF00769ADF /* Assets.xcassets */ = {isa = PBXFileReference; lastKnownFileType = folder.assetcatalog; path = Assets.xcassets; sourceTree = "<group>"; };
		BA622A452B7174BF00769ADF /* Base */ = {isa = PBXFileReference; lastKnownFileType = file.storyboard; name = Base; path = Base.lproj/LaunchScreen.storyboard; sourceTree = "<group>"; };
		BA622A472B7174BF00769ADF /* Info.plist */ = {isa = PBXFileReference; lastKnownFileType = text.plist.xml; path = Info.plist; sourceTree = "<group>"; };
		BA622A512B717A0B00769ADF /* Coordinator.swift */ = {isa = PBXFileReference; lastKnownFileType = sourcecode.swift; path = Coordinator.swift; sourceTree = "<group>"; };
		BA622A532B717A8E00769ADF /* AppCoordinator.swift */ = {isa = PBXFileReference; lastKnownFileType = sourcecode.swift; path = AppCoordinator.swift; sourceTree = "<group>"; };
		BA622A562B717AD400769ADF /* SplashVC.swift */ = {isa = PBXFileReference; lastKnownFileType = sourcecode.swift; path = SplashVC.swift; sourceTree = "<group>"; };
		BA622A582B717B0000769ADF /* SplashVC.xib */ = {isa = PBXFileReference; lastKnownFileType = file.xib; path = SplashVC.xib; sourceTree = "<group>"; };
		BA622A5B2B717B3800769ADF /* UIViewController+Extension.swift */ = {isa = PBXFileReference; lastKnownFileType = sourcecode.swift; path = "UIViewController+Extension.swift"; sourceTree = "<group>"; };
		BA622A5E2B717C8900769ADF /* SplashCoordinator.swift */ = {isa = PBXFileReference; lastKnownFileType = sourcecode.swift; path = SplashCoordinator.swift; sourceTree = "<group>"; };
/* End PBXFileReference section */

/* Begin PBXFrameworksBuildPhase section */
		BA622A332B7174BE00769ADF /* Frameworks */ = {
			isa = PBXFrameworksBuildPhase;
			buildActionMask = 2147483647;
			files = (
				BA585EBF2B718756009915C9 /* FirebaseFunctions in Frameworks */,
				BA585EB52B718756009915C9 /* FirebaseDatabaseSwift in Frameworks */,
				BA585EC52B718756009915C9 /* FirebaseInAppMessagingSwift-Beta in Frameworks */,
				BA585ECB2B718756009915C9 /* FirebaseMessaging in Frameworks */,
				BA585EAB2B718756009915C9 /* FirebaseAppDistribution-Beta in Frameworks */,
				BA585EAF2B718756009915C9 /* FirebaseAuthCombine-Community in Frameworks */,
				BA585EBB2B718756009915C9 /* FirebaseFirestoreCombine-Community in Frameworks */,
				BA585EA52B718756009915C9 /* FirebaseAnalyticsSwift in Frameworks */,
				BA585EC92B718756009915C9 /* FirebaseMLModelDownloader in Frameworks */,
				BA585EA72B718756009915C9 /* FirebaseAnalyticsWithoutAdIdSupport in Frameworks */,
				BA585EA12B718756009915C9 /* FirebaseAnalytics in Frameworks */,
				BA585EBD2B718756009915C9 /* FirebaseFirestoreSwift in Frameworks */,
				BA585EA32B718756009915C9 /* FirebaseAnalyticsOnDeviceConversion in Frameworks */,
				BA585EA92B718756009915C9 /* FirebaseAppCheck in Frameworks */,
				BA585ECD2B718756009915C9 /* FirebasePerformance in Frameworks */,
				BA585EC32B718756009915C9 /* FirebaseInAppMessaging-Beta in Frameworks */,
				BA585EC12B718756009915C9 /* FirebaseFunctionsCombine-Community in Frameworks */,
				BA585EB12B718756009915C9 /* FirebaseCrashlytics in Frameworks */,
				BA585EC72B718756009915C9 /* FirebaseInstallations in Frameworks */,
				BA585ECF2B718756009915C9 /* FirebaseRemoteConfig in Frameworks */,
				BA585EF92B727719009915C9 /* netfox in Frameworks */,
				BA585ED32B718756009915C9 /* FirebaseStorage in Frameworks */,
				BA585EE92B72384E009915C9 /* Alamofire in Frameworks */,
				BA585EB32B718756009915C9 /* FirebaseDatabase in Frameworks */,
				BA585ED52B718756009915C9 /* FirebaseStorageCombine-Community in Frameworks */,
				BA622A622B717F7C00769ADF /* Reachability in Frameworks */,
				BA585EAD2B718756009915C9 /* FirebaseAuth in Frameworks */,
				BA585EB72B718756009915C9 /* FirebaseDynamicLinks in Frameworks */,
				BA585EB92B718756009915C9 /* FirebaseFirestore in Frameworks */,
				BA585ED12B718756009915C9 /* FirebaseRemoteConfigSwift in Frameworks */,
			);
			runOnlyForDeploymentPostprocessing = 0;
		};
/* End PBXFrameworksBuildPhase section */

/* Begin PBXGroup section */
		BA585EDA2B719448009915C9 /* ViewModel */ = {
			isa = PBXGroup;
			children = (
				BA585EDB2B719456009915C9 /* SplashVM.swift */,
				BA585EDD2B71945F009915C9 /* SplashVMProtocols.swift */,
			);
			path = ViewModel;
			sourceTree = "<group>";
		};
		BA585EDF2B723035009915C9 /* Components */ = {
			isa = PBXGroup;
			children = (
				BA585EE02B723046009915C9 /* BaseVC.swift */,
			);
			path = Components;
			sourceTree = "<group>";
		};
		BA585EE22B72371C009915C9 /* Network */ = {
			isa = PBXGroup;
			children = (
				BA585EE52B72375C009915C9 /* Endpoints.swift */,
				BA585EE32B723729009915C9 /* NetworkManager.swift */,
			);
			path = Network;
			sourceTree = "<group>";
		};
		BA585EEA2B725474009915C9 /* Home */ = {
			isa = PBXGroup;
			children = (
				BA585EEF2B725531009915C9 /* Coordinator */,
				BA585EF22B726176009915C9 /* Repository */,
				BA585EF32B72617F009915C9 /* ViewModel */,
				BA585EEB2B725482009915C9 /* HomeVC.xib */,
				BA585EED2B725489009915C9 /* HomeVC.swift */,
			);
			path = Home;
			sourceTree = "<group>";
		};
		BA585EEF2B725531009915C9 /* Coordinator */ = {
			isa = PBXGroup;
			children = (
				BA585EF02B725539009915C9 /* HomeCoordinator.swift */,
			);
			path = Coordinator;
			sourceTree = "<group>";
		};
		BA585EF22B726176009915C9 /* Repository */ = {
			isa = PBXGroup;
			children = (
			);
			path = Repository;
			sourceTree = "<group>";
		};
		BA585EF32B72617F009915C9 /* ViewModel */ = {
			isa = PBXGroup;
			children = (
			);
			path = ViewModel;
			sourceTree = "<group>";
		};
		BA585EF42B726A4B009915C9 /* Models */ = {
			isa = PBXGroup;
			children = (
				BA585EF52B726A5C009915C9 /* SearchResponse.swift */,
			);
			path = Models;
			sourceTree = "<group>";
		};
		BA622A2D2B7174BE00769ADF = {
			isa = PBXGroup;
			children = (
				BA622A382B7174BE00769ADF /* Movies App */,
				BA622A372B7174BE00769ADF /* Products */,
			);
			sourceTree = "<group>";
		};
		BA622A372B7174BE00769ADF /* Products */ = {
			isa = PBXGroup;
			children = (
				BA622A362B7174BE00769ADF /* Movies App.app */,
			);
			name = Products;
			sourceTree = "<group>";
		};
		BA622A382B7174BE00769ADF /* Movies App */ = {
			isa = PBXGroup;
			children = (
				BA585E902B718341009915C9 /* GoogleService-Info.plist */,
				BA622A4D2B7178D700769ADF /* App */,
				BA585EDF2B723035009915C9 /* Components */,
				BA622A5A2B717B2800769ADF /* Extensions */,
				BA622A502B7179FE00769ADF /* Helpers */,
				BA622A4E2B7178E300769ADF /* Modules */,
				BA585EF42B726A4B009915C9 /* Models */,
				BA585EE22B72371C009915C9 /* Network */,
				BA622A4F2B71790900769ADF /* Resources */,
			);
			path = "Movies App";
			sourceTree = "<group>";
		};
		BA622A4D2B7178D700769ADF /* App */ = {
			isa = PBXGroup;
			children = (
				BA585ED82B719390009915C9 /* AppContainer.swift */,
				BA622A532B717A8E00769ADF /* AppCoordinator.swift */,
				BA622A392B7174BE00769ADF /* AppDelegate.swift */,
				BA622A3B2B7174BE00769ADF /* SceneDelegate.swift */,
				BA622A472B7174BF00769ADF /* Info.plist */,
			);
			path = App;
			sourceTree = "<group>";
		};
		BA622A4E2B7178E300769ADF /* Modules */ = {
			isa = PBXGroup;
			children = (
				BA622A552B717AC400769ADF /* Splash */,
				BA585EEA2B725474009915C9 /* Home */,
				BA622A442B7174BF00769ADF /* LaunchScreen.storyboard */,
			);
			path = Modules;
			sourceTree = "<group>";
		};
		BA622A4F2B71790900769ADF /* Resources */ = {
			isa = PBXGroup;
			children = (
				BA622A422B7174BF00769ADF /* Assets.xcassets */,
			);
			path = Resources;
			sourceTree = "<group>";
		};
		BA622A502B7179FE00769ADF /* Helpers */ = {
			isa = PBXGroup;
			children = (
				BA622A512B717A0B00769ADF /* Coordinator.swift */,
				BA585E9D2B7184BF009915C9 /* RemoteConfigHelper.swift */,
			);
			path = Helpers;
			sourceTree = "<group>";
		};
		BA622A552B717AC400769ADF /* Splash */ = {
			isa = PBXGroup;
			children = (
				BA622A5D2B717C7F00769ADF /* Coordinator */,
				BA585EDA2B719448009915C9 /* ViewModel */,
				BA622A562B717AD400769ADF /* SplashVC.swift */,
				BA622A582B717B0000769ADF /* SplashVC.xib */,
			);
			path = Splash;
			sourceTree = "<group>";
		};
		BA622A5A2B717B2800769ADF /* Extensions */ = {
			isa = PBXGroup;
			children = (
				BA622A5B2B717B3800769ADF /* UIViewController+Extension.swift */,
			);
			path = Extensions;
			sourceTree = "<group>";
		};
		BA622A5D2B717C7F00769ADF /* Coordinator */ = {
			isa = PBXGroup;
			children = (
				BA622A5E2B717C8900769ADF /* SplashCoordinator.swift */,
			);
			path = Coordinator;
			sourceTree = "<group>";
		};
/* End PBXGroup section */

/* Begin PBXNativeTarget section */
		BA622A352B7174BE00769ADF /* Movies App */ = {
			isa = PBXNativeTarget;
			buildConfigurationList = BA622A4A2B7174BF00769ADF /* Build configuration list for PBXNativeTarget "Movies App" */;
			buildPhases = (
				BA622A322B7174BE00769ADF /* Sources */,
				BA622A332B7174BE00769ADF /* Frameworks */,
				BA622A342B7174BE00769ADF /* Resources */,
			);
			buildRules = (
			);
			dependencies = (
			);
			name = "Movies App";
			packageProductDependencies = (
				BA622A612B717F7C00769ADF /* Reachability */,
				BA585EA02B718756009915C9 /* FirebaseAnalytics */,
				BA585EA22B718756009915C9 /* FirebaseAnalyticsOnDeviceConversion */,
				BA585EA42B718756009915C9 /* FirebaseAnalyticsSwift */,
				BA585EA62B718756009915C9 /* FirebaseAnalyticsWithoutAdIdSupport */,
				BA585EA82B718756009915C9 /* FirebaseAppCheck */,
				BA585EAA2B718756009915C9 /* FirebaseAppDistribution-Beta */,
				BA585EAC2B718756009915C9 /* FirebaseAuth */,
				BA585EAE2B718756009915C9 /* FirebaseAuthCombine-Community */,
				BA585EB02B718756009915C9 /* FirebaseCrashlytics */,
				BA585EB22B718756009915C9 /* FirebaseDatabase */,
				BA585EB42B718756009915C9 /* FirebaseDatabaseSwift */,
				BA585EB62B718756009915C9 /* FirebaseDynamicLinks */,
				BA585EB82B718756009915C9 /* FirebaseFirestore */,
				BA585EBA2B718756009915C9 /* FirebaseFirestoreCombine-Community */,
				BA585EBC2B718756009915C9 /* FirebaseFirestoreSwift */,
				BA585EBE2B718756009915C9 /* FirebaseFunctions */,
				BA585EC02B718756009915C9 /* FirebaseFunctionsCombine-Community */,
				BA585EC22B718756009915C9 /* FirebaseInAppMessaging-Beta */,
				BA585EC42B718756009915C9 /* FirebaseInAppMessagingSwift-Beta */,
				BA585EC62B718756009915C9 /* FirebaseInstallations */,
				BA585EC82B718756009915C9 /* FirebaseMLModelDownloader */,
				BA585ECA2B718756009915C9 /* FirebaseMessaging */,
				BA585ECC2B718756009915C9 /* FirebasePerformance */,
				BA585ECE2B718756009915C9 /* FirebaseRemoteConfig */,
				BA585ED02B718756009915C9 /* FirebaseRemoteConfigSwift */,
				BA585ED22B718756009915C9 /* FirebaseStorage */,
				BA585ED42B718756009915C9 /* FirebaseStorageCombine-Community */,
				BA585EE82B72384E009915C9 /* Alamofire */,
				BA585EF82B727719009915C9 /* netfox */,
			);
			productName = "Movies App";
			productReference = BA622A362B7174BE00769ADF /* Movies App.app */;
			productType = "com.apple.product-type.application";
		};
/* End PBXNativeTarget section */

/* Begin PBXProject section */
		BA622A2E2B7174BE00769ADF /* Project object */ = {
			isa = PBXProject;
			attributes = {
				BuildIndependentTargetsInParallel = 1;
				LastSwiftUpdateCheck = 1500;
				LastUpgradeCheck = 1500;
				TargetAttributes = {
					BA622A352B7174BE00769ADF = {
						CreatedOnToolsVersion = 15.0.1;
					};
				};
			};
			buildConfigurationList = BA622A312B7174BE00769ADF /* Build configuration list for PBXProject "Movies App" */;
			compatibilityVersion = "Xcode 14.0";
			developmentRegion = en;
			hasScannedForEncodings = 0;
			knownRegions = (
				en,
				Base,
			);
			mainGroup = BA622A2D2B7174BE00769ADF;
			packageReferences = (
				BA622A602B717F7C00769ADF /* XCRemoteSwiftPackageReference "Reachability" */,
				BA585E9F2B718756009915C9 /* XCRemoteSwiftPackageReference "firebase-ios-sdk" */,
				BA585EE72B72384E009915C9 /* XCRemoteSwiftPackageReference "Alamofire" */,
				BA585EF72B727719009915C9 /* XCRemoteSwiftPackageReference "netfox" */,
			);
			productRefGroup = BA622A372B7174BE00769ADF /* Products */;
			projectDirPath = "";
			projectRoot = "";
			targets = (
				BA622A352B7174BE00769ADF /* Movies App */,
			);
		};
/* End PBXProject section */

/* Begin PBXResourcesBuildPhase section */
		BA622A342B7174BE00769ADF /* Resources */ = {
			isa = PBXResourcesBuildPhase;
			buildActionMask = 2147483647;
			files = (
				BA622A592B717B0100769ADF /* SplashVC.xib in Resources */,
				BA585E912B718341009915C9 /* GoogleService-Info.plist in Resources */,
				BA585EEC2B725482009915C9 /* HomeVC.xib in Resources */,
				BA622A462B7174BF00769ADF /* LaunchScreen.storyboard in Resources */,
				BA622A432B7174BF00769ADF /* Assets.xcassets in Resources */,
			);
			runOnlyForDeploymentPostprocessing = 0;
		};
/* End PBXResourcesBuildPhase section */

/* Begin PBXSourcesBuildPhase section */
		BA622A322B7174BE00769ADF /* Sources */ = {
			isa = PBXSourcesBuildPhase;
			buildActionMask = 2147483647;
			files = (
				BA622A5C2B717B3800769ADF /* UIViewController+Extension.swift in Sources */,
				BA585EDC2B719456009915C9 /* SplashVM.swift in Sources */,
				BA622A542B717A8E00769ADF /* AppCoordinator.swift in Sources */,
				BA585EE42B723729009915C9 /* NetworkManager.swift in Sources */,
				BA585ED92B719390009915C9 /* AppContainer.swift in Sources */,
				BA622A572B717AD400769ADF /* SplashVC.swift in Sources */,
				BA585EEE2B725489009915C9 /* HomeVC.swift in Sources */,
				BA622A3A2B7174BE00769ADF /* AppDelegate.swift in Sources */,
				BA622A5F2B717C8900769ADF /* SplashCoordinator.swift in Sources */,
				BA585EE12B723046009915C9 /* BaseVC.swift in Sources */,
				BA585EDE2B71945F009915C9 /* SplashVMProtocols.swift in Sources */,
				BA585EE62B72375C009915C9 /* Endpoints.swift in Sources */,
				BA585EF62B726A5C009915C9 /* SearchResponse.swift in Sources */,
				BA585E9E2B7184BF009915C9 /* RemoteConfigHelper.swift in Sources */,
				BA585EF12B725539009915C9 /* HomeCoordinator.swift in Sources */,
				BA622A3C2B7174BE00769ADF /* SceneDelegate.swift in Sources */,
				BA622A522B717A0B00769ADF /* Coordinator.swift in Sources */,
			);
			runOnlyForDeploymentPostprocessing = 0;
		};
/* End PBXSourcesBuildPhase section */

/* Begin PBXVariantGroup section */
		BA622A442B7174BF00769ADF /* LaunchScreen.storyboard */ = {
			isa = PBXVariantGroup;
			children = (
				BA622A452B7174BF00769ADF /* Base */,
			);
			name = LaunchScreen.storyboard;
			sourceTree = "<group>";
		};
/* End PBXVariantGroup section */

/* Begin XCBuildConfiguration section */
		BA622A482B7174BF00769ADF /* Debug */ = {
			isa = XCBuildConfiguration;
			buildSettings = {
				ALWAYS_SEARCH_USER_PATHS = NO;
				ASSETCATALOG_COMPILER_GENERATE_SWIFT_ASSET_SYMBOL_EXTENSIONS = YES;
				CLANG_ANALYZER_NONNULL = YES;
				CLANG_ANALYZER_NUMBER_OBJECT_CONVERSION = YES_AGGRESSIVE;
				CLANG_CXX_LANGUAGE_STANDARD = "gnu++20";
				CLANG_ENABLE_MODULES = YES;
				CLANG_ENABLE_OBJC_ARC = YES;
				CLANG_ENABLE_OBJC_WEAK = YES;
				CLANG_WARN_BLOCK_CAPTURE_AUTORELEASING = YES;
				CLANG_WARN_BOOL_CONVERSION = YES;
				CLANG_WARN_COMMA = YES;
				CLANG_WARN_CONSTANT_CONVERSION = YES;
				CLANG_WARN_DEPRECATED_OBJC_IMPLEMENTATIONS = YES;
				CLANG_WARN_DIRECT_OBJC_ISA_USAGE = YES_ERROR;
				CLANG_WARN_DOCUMENTATION_COMMENTS = YES;
				CLANG_WARN_EMPTY_BODY = YES;
				CLANG_WARN_ENUM_CONVERSION = YES;
				CLANG_WARN_INFINITE_RECURSION = YES;
				CLANG_WARN_INT_CONVERSION = YES;
				CLANG_WARN_NON_LITERAL_NULL_CONVERSION = YES;
				CLANG_WARN_OBJC_IMPLICIT_RETAIN_SELF = YES;
				CLANG_WARN_OBJC_LITERAL_CONVERSION = YES;
				CLANG_WARN_OBJC_ROOT_CLASS = YES_ERROR;
				CLANG_WARN_QUOTED_INCLUDE_IN_FRAMEWORK_HEADER = YES;
				CLANG_WARN_RANGE_LOOP_ANALYSIS = YES;
				CLANG_WARN_STRICT_PROTOTYPES = YES;
				CLANG_WARN_SUSPICIOUS_MOVE = YES;
				CLANG_WARN_UNGUARDED_AVAILABILITY = YES_AGGRESSIVE;
				CLANG_WARN_UNREACHABLE_CODE = YES;
				CLANG_WARN__DUPLICATE_METHOD_MATCH = YES;
				COPY_PHASE_STRIP = NO;
				DEBUG_INFORMATION_FORMAT = dwarf;
				ENABLE_STRICT_OBJC_MSGSEND = YES;
				ENABLE_TESTABILITY = YES;
				ENABLE_USER_SCRIPT_SANDBOXING = YES;
				GCC_C_LANGUAGE_STANDARD = gnu17;
				GCC_DYNAMIC_NO_PIC = NO;
				GCC_NO_COMMON_BLOCKS = YES;
				GCC_OPTIMIZATION_LEVEL = 0;
				GCC_PREPROCESSOR_DEFINITIONS = (
					"DEBUG=1",
					"$(inherited)",
				);
				GCC_WARN_64_TO_32_BIT_CONVERSION = YES;
				GCC_WARN_ABOUT_RETURN_TYPE = YES_ERROR;
				GCC_WARN_UNDECLARED_SELECTOR = YES;
				GCC_WARN_UNINITIALIZED_AUTOS = YES_AGGRESSIVE;
				GCC_WARN_UNUSED_FUNCTION = YES;
				GCC_WARN_UNUSED_VARIABLE = YES;
				IPHONEOS_DEPLOYMENT_TARGET = 17.0;
				LOCALIZATION_PREFERS_STRING_CATALOGS = YES;
				MTL_ENABLE_DEBUG_INFO = INCLUDE_SOURCE;
				MTL_FAST_MATH = YES;
				ONLY_ACTIVE_ARCH = YES;
				SDKROOT = iphoneos;
				SWIFT_ACTIVE_COMPILATION_CONDITIONS = "DEBUG $(inherited)";
				SWIFT_OPTIMIZATION_LEVEL = "-Onone";
			};
			name = Debug;
		};
		BA622A492B7174BF00769ADF /* Release */ = {
			isa = XCBuildConfiguration;
			buildSettings = {
				ALWAYS_SEARCH_USER_PATHS = NO;
				ASSETCATALOG_COMPILER_GENERATE_SWIFT_ASSET_SYMBOL_EXTENSIONS = YES;
				CLANG_ANALYZER_NONNULL = YES;
				CLANG_ANALYZER_NUMBER_OBJECT_CONVERSION = YES_AGGRESSIVE;
				CLANG_CXX_LANGUAGE_STANDARD = "gnu++20";
				CLANG_ENABLE_MODULES = YES;
				CLANG_ENABLE_OBJC_ARC = YES;
				CLANG_ENABLE_OBJC_WEAK = YES;
				CLANG_WARN_BLOCK_CAPTURE_AUTORELEASING = YES;
				CLANG_WARN_BOOL_CONVERSION = YES;
				CLANG_WARN_COMMA = YES;
				CLANG_WARN_CONSTANT_CONVERSION = YES;
				CLANG_WARN_DEPRECATED_OBJC_IMPLEMENTATIONS = YES;
				CLANG_WARN_DIRECT_OBJC_ISA_USAGE = YES_ERROR;
				CLANG_WARN_DOCUMENTATION_COMMENTS = YES;
				CLANG_WARN_EMPTY_BODY = YES;
				CLANG_WARN_ENUM_CONVERSION = YES;
				CLANG_WARN_INFINITE_RECURSION = YES;
				CLANG_WARN_INT_CONVERSION = YES;
				CLANG_WARN_NON_LITERAL_NULL_CONVERSION = YES;
				CLANG_WARN_OBJC_IMPLICIT_RETAIN_SELF = YES;
				CLANG_WARN_OBJC_LITERAL_CONVERSION = YES;
				CLANG_WARN_OBJC_ROOT_CLASS = YES_ERROR;
				CLANG_WARN_QUOTED_INCLUDE_IN_FRAMEWORK_HEADER = YES;
				CLANG_WARN_RANGE_LOOP_ANALYSIS = YES;
				CLANG_WARN_STRICT_PROTOTYPES = YES;
				CLANG_WARN_SUSPICIOUS_MOVE = YES;
				CLANG_WARN_UNGUARDED_AVAILABILITY = YES_AGGRESSIVE;
				CLANG_WARN_UNREACHABLE_CODE = YES;
				CLANG_WARN__DUPLICATE_METHOD_MATCH = YES;
				COPY_PHASE_STRIP = NO;
				DEBUG_INFORMATION_FORMAT = "dwarf-with-dsym";
				ENABLE_NS_ASSERTIONS = NO;
				ENABLE_STRICT_OBJC_MSGSEND = YES;
				ENABLE_USER_SCRIPT_SANDBOXING = YES;
				GCC_C_LANGUAGE_STANDARD = gnu17;
				GCC_NO_COMMON_BLOCKS = YES;
				GCC_WARN_64_TO_32_BIT_CONVERSION = YES;
				GCC_WARN_ABOUT_RETURN_TYPE = YES_ERROR;
				GCC_WARN_UNDECLARED_SELECTOR = YES;
				GCC_WARN_UNINITIALIZED_AUTOS = YES_AGGRESSIVE;
				GCC_WARN_UNUSED_FUNCTION = YES;
				GCC_WARN_UNUSED_VARIABLE = YES;
				IPHONEOS_DEPLOYMENT_TARGET = 17.0;
				LOCALIZATION_PREFERS_STRING_CATALOGS = YES;
				MTL_ENABLE_DEBUG_INFO = NO;
				MTL_FAST_MATH = YES;
				SDKROOT = iphoneos;
				SWIFT_COMPILATION_MODE = wholemodule;
				VALIDATE_PRODUCT = YES;
			};
			name = Release;
		};
		BA622A4B2B7174BF00769ADF /* Debug */ = {
			isa = XCBuildConfiguration;
			buildSettings = {
				ASSETCATALOG_COMPILER_APPICON_NAME = AppIcon;
				ASSETCATALOG_COMPILER_GLOBAL_ACCENT_COLOR_NAME = AccentColor;
				CODE_SIGN_STYLE = Automatic;
				CURRENT_PROJECT_VERSION = 1;
				DEVELOPMENT_TEAM = 3A8H2GTC36;
				GENERATE_INFOPLIST_FILE = YES;
				INFOPLIST_FILE = "Movies App/App/Info.plist";
				INFOPLIST_KEY_UIApplicationSupportsIndirectInputEvents = YES;
				INFOPLIST_KEY_UILaunchStoryboardName = LaunchScreen;
				INFOPLIST_KEY_UISupportedInterfaceOrientations = UIInterfaceOrientationPortrait;
				INFOPLIST_KEY_UISupportedInterfaceOrientations_iPad = "UIInterfaceOrientationLandscapeLeft UIInterfaceOrientationLandscapeRight UIInterfaceOrientationPortrait UIInterfaceOrientationPortraitUpsideDown";
				IPHONEOS_DEPLOYMENT_TARGET = 14.0;
				LD_RUNPATH_SEARCH_PATHS = (
					"$(inherited)",
					"@executable_path/Frameworks",
				);
				MARKETING_VERSION = 1.0;
				PRODUCT_BUNDLE_IDENTIFIER = "com.Kadanur.Movies-App";
				PRODUCT_NAME = "$(TARGET_NAME)";
				SUPPORTED_PLATFORMS = "iphoneos iphonesimulator";
				SUPPORTS_MACCATALYST = NO;
				SUPPORTS_MAC_DESIGNED_FOR_IPHONE_IPAD = NO;
				SWIFT_EMIT_LOC_STRINGS = YES;
				SWIFT_VERSION = 5.0;
				TARGETED_DEVICE_FAMILY = 1;
			};
			name = Debug;
		};
		BA622A4C2B7174BF00769ADF /* Release */ = {
			isa = XCBuildConfiguration;
			buildSettings = {
				ASSETCATALOG_COMPILER_APPICON_NAME = AppIcon;
				ASSETCATALOG_COMPILER_GLOBAL_ACCENT_COLOR_NAME = AccentColor;
				CODE_SIGN_STYLE = Automatic;
				CURRENT_PROJECT_VERSION = 1;
				DEVELOPMENT_TEAM = 3A8H2GTC36;
				GENERATE_INFOPLIST_FILE = YES;
				INFOPLIST_FILE = "Movies App/App/Info.plist";
				INFOPLIST_KEY_UIApplicationSupportsIndirectInputEvents = YES;
				INFOPLIST_KEY_UILaunchStoryboardName = LaunchScreen;
				INFOPLIST_KEY_UISupportedInterfaceOrientations = UIInterfaceOrientationPortrait;
				INFOPLIST_KEY_UISupportedInterfaceOrientations_iPad = "UIInterfaceOrientationLandscapeLeft UIInterfaceOrientationLandscapeRight UIInterfaceOrientationPortrait UIInterfaceOrientationPortraitUpsideDown";
				IPHONEOS_DEPLOYMENT_TARGET = 14.0;
				LD_RUNPATH_SEARCH_PATHS = (
					"$(inherited)",
					"@executable_path/Frameworks",
				);
				MARKETING_VERSION = 1.0;
				PRODUCT_BUNDLE_IDENTIFIER = "com.Kadanur.Movies-App";
				PRODUCT_NAME = "$(TARGET_NAME)";
				SUPPORTED_PLATFORMS = "iphoneos iphonesimulator";
				SUPPORTS_MACCATALYST = NO;
				SUPPORTS_MAC_DESIGNED_FOR_IPHONE_IPAD = NO;
				SWIFT_EMIT_LOC_STRINGS = YES;
				SWIFT_VERSION = 5.0;
				TARGETED_DEVICE_FAMILY = 1;
			};
			name = Release;
		};
/* End XCBuildConfiguration section */

/* Begin XCConfigurationList section */
		BA622A312B7174BE00769ADF /* Build configuration list for PBXProject "Movies App" */ = {
			isa = XCConfigurationList;
			buildConfigurations = (
				BA622A482B7174BF00769ADF /* Debug */,
				BA622A492B7174BF00769ADF /* Release */,
			);
			defaultConfigurationIsVisible = 0;
			defaultConfigurationName = Release;
		};
		BA622A4A2B7174BF00769ADF /* Build configuration list for PBXNativeTarget "Movies App" */ = {
			isa = XCConfigurationList;
			buildConfigurations = (
				BA622A4B2B7174BF00769ADF /* Debug */,
				BA622A4C2B7174BF00769ADF /* Release */,
			);
			defaultConfigurationIsVisible = 0;
			defaultConfigurationName = Release;
		};
/* End XCConfigurationList section */

/* Begin XCRemoteSwiftPackageReference section */
		BA585E9F2B718756009915C9 /* XCRemoteSwiftPackageReference "firebase-ios-sdk" */ = {
			isa = XCRemoteSwiftPackageReference;
			repositoryURL = "https://github.com/firebase/firebase-ios-sdk";
			requirement = {
				kind = upToNextMajorVersion;
				minimumVersion = 10.20.0;
			};
		};
		BA585EE72B72384E009915C9 /* XCRemoteSwiftPackageReference "Alamofire" */ = {
			isa = XCRemoteSwiftPackageReference;
			repositoryURL = "https://github.com/Alamofire/Alamofire";
			requirement = {
				kind = upToNextMajorVersion;
				minimumVersion = 5.8.1;
			};
		};
		BA585EF72B727719009915C9 /* XCRemoteSwiftPackageReference "netfox" */ = {
			isa = XCRemoteSwiftPackageReference;
			repositoryURL = "https://github.com/kasketis/netfox";
			requirement = {
				kind = upToNextMajorVersion;
				minimumVersion = 1.21.0;
			};
		};
		BA622A602B717F7C00769ADF /* XCRemoteSwiftPackageReference "Reachability" */ = {
			isa = XCRemoteSwiftPackageReference;
			repositoryURL = "https://github.com/ashleymills/Reachability.swift";
			requirement = {
				branch = master;
				kind = branch;
			};
		};
/* End XCRemoteSwiftPackageReference section */

/* Begin XCSwiftPackageProductDependency section */
		BA585EA02B718756009915C9 /* FirebaseAnalytics */ = {
			isa = XCSwiftPackageProductDependency;
			package = BA585E9F2B718756009915C9 /* XCRemoteSwiftPackageReference "firebase-ios-sdk" */;
			productName = FirebaseAnalytics;
		};
		BA585EA22B718756009915C9 /* FirebaseAnalyticsOnDeviceConversion */ = {
			isa = XCSwiftPackageProductDependency;
			package = BA585E9F2B718756009915C9 /* XCRemoteSwiftPackageReference "firebase-ios-sdk" */;
			productName = FirebaseAnalyticsOnDeviceConversion;
		};
		BA585EA42B718756009915C9 /* FirebaseAnalyticsSwift */ = {
			isa = XCSwiftPackageProductDependency;
			package = BA585E9F2B718756009915C9 /* XCRemoteSwiftPackageReference "firebase-ios-sdk" */;
			productName = FirebaseAnalyticsSwift;
		};
		BA585EA62B718756009915C9 /* FirebaseAnalyticsWithoutAdIdSupport */ = {
			isa = XCSwiftPackageProductDependency;
			package = BA585E9F2B718756009915C9 /* XCRemoteSwiftPackageReference "firebase-ios-sdk" */;
			productName = FirebaseAnalyticsWithoutAdIdSupport;
		};
		BA585EA82B718756009915C9 /* FirebaseAppCheck */ = {
			isa = XCSwiftPackageProductDependency;
			package = BA585E9F2B718756009915C9 /* XCRemoteSwiftPackageReference "firebase-ios-sdk" */;
			productName = FirebaseAppCheck;
		};
		BA585EAA2B718756009915C9 /* FirebaseAppDistribution-Beta */ = {
			isa = XCSwiftPackageProductDependency;
			package = BA585E9F2B718756009915C9 /* XCRemoteSwiftPackageReference "firebase-ios-sdk" */;
			productName = "FirebaseAppDistribution-Beta";
		};
		BA585EAC2B718756009915C9 /* FirebaseAuth */ = {
			isa = XCSwiftPackageProductDependency;
			package = BA585E9F2B718756009915C9 /* XCRemoteSwiftPackageReference "firebase-ios-sdk" */;
			productName = FirebaseAuth;
		};
		BA585EAE2B718756009915C9 /* FirebaseAuthCombine-Community */ = {
			isa = XCSwiftPackageProductDependency;
			package = BA585E9F2B718756009915C9 /* XCRemoteSwiftPackageReference "firebase-ios-sdk" */;
			productName = "FirebaseAuthCombine-Community";
		};
		BA585EB02B718756009915C9 /* FirebaseCrashlytics */ = {
			isa = XCSwiftPackageProductDependency;
			package = BA585E9F2B718756009915C9 /* XCRemoteSwiftPackageReference "firebase-ios-sdk" */;
			productName = FirebaseCrashlytics;
		};
		BA585EB22B718756009915C9 /* FirebaseDatabase */ = {
			isa = XCSwiftPackageProductDependency;
			package = BA585E9F2B718756009915C9 /* XCRemoteSwiftPackageReference "firebase-ios-sdk" */;
			productName = FirebaseDatabase;
		};
		BA585EB42B718756009915C9 /* FirebaseDatabaseSwift */ = {
			isa = XCSwiftPackageProductDependency;
			package = BA585E9F2B718756009915C9 /* XCRemoteSwiftPackageReference "firebase-ios-sdk" */;
			productName = FirebaseDatabaseSwift;
		};
		BA585EB62B718756009915C9 /* FirebaseDynamicLinks */ = {
			isa = XCSwiftPackageProductDependency;
			package = BA585E9F2B718756009915C9 /* XCRemoteSwiftPackageReference "firebase-ios-sdk" */;
			productName = FirebaseDynamicLinks;
		};
		BA585EB82B718756009915C9 /* FirebaseFirestore */ = {
			isa = XCSwiftPackageProductDependency;
			package = BA585E9F2B718756009915C9 /* XCRemoteSwiftPackageReference "firebase-ios-sdk" */;
			productName = FirebaseFirestore;
		};
		BA585EBA2B718756009915C9 /* FirebaseFirestoreCombine-Community */ = {
			isa = XCSwiftPackageProductDependency;
			package = BA585E9F2B718756009915C9 /* XCRemoteSwiftPackageReference "firebase-ios-sdk" */;
			productName = "FirebaseFirestoreCombine-Community";
		};
		BA585EBC2B718756009915C9 /* FirebaseFirestoreSwift */ = {
			isa = XCSwiftPackageProductDependency;
			package = BA585E9F2B718756009915C9 /* XCRemoteSwiftPackageReference "firebase-ios-sdk" */;
			productName = FirebaseFirestoreSwift;
		};
		BA585EBE2B718756009915C9 /* FirebaseFunctions */ = {
			isa = XCSwiftPackageProductDependency;
			package = BA585E9F2B718756009915C9 /* XCRemoteSwiftPackageReference "firebase-ios-sdk" */;
			productName = FirebaseFunctions;
		};
		BA585EC02B718756009915C9 /* FirebaseFunctionsCombine-Community */ = {
			isa = XCSwiftPackageProductDependency;
			package = BA585E9F2B718756009915C9 /* XCRemoteSwiftPackageReference "firebase-ios-sdk" */;
			productName = "FirebaseFunctionsCombine-Community";
		};
		BA585EC22B718756009915C9 /* FirebaseInAppMessaging-Beta */ = {
			isa = XCSwiftPackageProductDependency;
			package = BA585E9F2B718756009915C9 /* XCRemoteSwiftPackageReference "firebase-ios-sdk" */;
			productName = "FirebaseInAppMessaging-Beta";
		};
		BA585EC42B718756009915C9 /* FirebaseInAppMessagingSwift-Beta */ = {
			isa = XCSwiftPackageProductDependency;
			package = BA585E9F2B718756009915C9 /* XCRemoteSwiftPackageReference "firebase-ios-sdk" */;
			productName = "FirebaseInAppMessagingSwift-Beta";
		};
		BA585EC62B718756009915C9 /* FirebaseInstallations */ = {
			isa = XCSwiftPackageProductDependency;
			package = BA585E9F2B718756009915C9 /* XCRemoteSwiftPackageReference "firebase-ios-sdk" */;
			productName = FirebaseInstallations;
		};
		BA585EC82B718756009915C9 /* FirebaseMLModelDownloader */ = {
			isa = XCSwiftPackageProductDependency;
			package = BA585E9F2B718756009915C9 /* XCRemoteSwiftPackageReference "firebase-ios-sdk" */;
			productName = FirebaseMLModelDownloader;
		};
		BA585ECA2B718756009915C9 /* FirebaseMessaging */ = {
			isa = XCSwiftPackageProductDependency;
			package = BA585E9F2B718756009915C9 /* XCRemoteSwiftPackageReference "firebase-ios-sdk" */;
			productName = FirebaseMessaging;
		};
		BA585ECC2B718756009915C9 /* FirebasePerformance */ = {
			isa = XCSwiftPackageProductDependency;
			package = BA585E9F2B718756009915C9 /* XCRemoteSwiftPackageReference "firebase-ios-sdk" */;
			productName = FirebasePerformance;
		};
		BA585ECE2B718756009915C9 /* FirebaseRemoteConfig */ = {
			isa = XCSwiftPackageProductDependency;
			package = BA585E9F2B718756009915C9 /* XCRemoteSwiftPackageReference "firebase-ios-sdk" */;
			productName = FirebaseRemoteConfig;
		};
		BA585ED02B718756009915C9 /* FirebaseRemoteConfigSwift */ = {
			isa = XCSwiftPackageProductDependency;
			package = BA585E9F2B718756009915C9 /* XCRemoteSwiftPackageReference "firebase-ios-sdk" */;
			productName = FirebaseRemoteConfigSwift;
		};
		BA585ED22B718756009915C9 /* FirebaseStorage */ = {
			isa = XCSwiftPackageProductDependency;
			package = BA585E9F2B718756009915C9 /* XCRemoteSwiftPackageReference "firebase-ios-sdk" */;
			productName = FirebaseStorage;
		};
		BA585ED42B718756009915C9 /* FirebaseStorageCombine-Community */ = {
			isa = XCSwiftPackageProductDependency;
			package = BA585E9F2B718756009915C9 /* XCRemoteSwiftPackageReference "firebase-ios-sdk" */;
			productName = "FirebaseStorageCombine-Community";
		};
		BA585EE82B72384E009915C9 /* Alamofire */ = {
			isa = XCSwiftPackageProductDependency;
			package = BA585EE72B72384E009915C9 /* XCRemoteSwiftPackageReference "Alamofire" */;
			productName = Alamofire;
		};
		BA585EF82B727719009915C9 /* netfox */ = {
			isa = XCSwiftPackageProductDependency;
			package = BA585EF72B727719009915C9 /* XCRemoteSwiftPackageReference "netfox" */;
			productName = netfox;
		};
		BA622A612B717F7C00769ADF /* Reachability */ = {
			isa = XCSwiftPackageProductDependency;
			package = BA622A602B717F7C00769ADF /* XCRemoteSwiftPackageReference "Reachability" */;
			productName = Reachability;
		};
/* End XCSwiftPackageProductDependency section */
	};
	rootObject = BA622A2E2B7174BE00769ADF /* Project object */;
}
